
Microsoft Visual Studio Solution File, Format Version 12.00
# Visual Studio Version 17
VisualStudioVersion = 17.4.33205.214
MinimumVisualStudioVersion = 10.0.40219.1
Project("{9A19103F-16F7-4668-BE54-9A1E7A4F7556}") = "C01ProgramStructure", "C01ProgramStructure\C01ProgramStructure.csproj", "{0481FEF8-8563-4D5B-B5D5-DB120A5AB195}"
EndProject
Project("{FAE04EC0-301F-11D3-BF4B-00C04F79EFBC}") = "C03Variables", "C02BasicOutput\C03Variables.csproj", "{AD2D5DD2-025B-4403-9453-4D1244435D31}"
EndProject
Global
	GlobalSection(SolutionConfigurationPlatforms) = preSolution
		Debug|Any CPU = Debug|Any CPU
		Release|Any CPU = Release|Any CPU
	EndGlobalSection
	GlobalSection(ProjectConfigurationPlatforms) = postSolution
		{0481FEF8-8563-4D5B-B5D5-DB120A5AB195}.Debug|Any CPU.ActiveCfg = Debug|Any CPU
		{0481FEF8-8563-4D5B-B5D5-DB120A5AB195}.Debug|Any CPU.Build.0 = Debug|Any CPU
		{0481FEF8-8563-4D5B-B5D5-DB120A5AB195}.Release|Any CPU.ActiveCfg = Release|Any CPU
		{0481FEF8-8563-4D5B-B5D5-DB120A5AB195}.Release|Any CPU.Build.0 = Release|Any CPU
		{AD2D5DD2-025B-4403-9453-4D1244435D31}.Debug|Any CPU.ActiveCfg = Debug|Any CPU
		{AD2D5DD2-025B-4403-9453-4D1244435D31}.Debug|Any CPU.Build.0 = Debug|Any CPU
		{AD2D5DD2-025B-4403-9453-4D1244435D31}.Release|Any CPU.ActiveCfg = Release|Any CPU
		{AD2D5DD2-025B-4403-9453-4D1244435D31}.Release|Any CPU.Build.0 = Release|Any CPU
	EndGlobalSection
	GlobalSection(SolutionProperties) = preSolution
		HideSolutionNode = FALSE
	EndGlobalSection
	GlobalSection(ExtensibilityGlobals) = postSolution
		SolutionGuid = {666AA445-9874-490D-8A45-A1F5B940C010}
	EndGlobalSection
EndGlobal
